// !$*UTF8*$!
{
	archiveVersion = 1;
	classes = {
	};
	objectVersion = 77;
	objects = {

/* Begin PBXContainerItemProxy section */
		ABD37E0E2F1D2E6F00CEBD6D /* PBXContainerItemProxy */ = {
			isa = PBXContainerItemProxy;
			containerPortal = ABD37DF82F1D2E6E00CEBD6D /* Project object */;
			proxyType = 1;
			remoteGlobalIDString = ABD37DFF2F1D2E6E00CEBD6D;
			remoteInfo = FlexJetting;
		};
		ABD37E182F1D2E6F00CEBD6D /* PBXContainerItemProxy */ = {
			isa = PBXContainerItemProxy;
			containerPortal = ABD37DF82F1D2E6E00CEBD6D /* Project object */;
			proxyType = 1;
			remoteGlobalIDString = ABD37DFF2F1D2E6E00CEBD6D;
			remoteInfo = FlexJetting;
		};
/* End PBXContainerItemProxy section */

/* Begin PBXFileReference section */
		ABD37E002F1D2E6E00CEBD6D /* FlexJetting.app */ = {isa = PBXFileReference; explicitFileType = wrapper.application; includeInIndex = 0; path = FlexJetting.app; sourceTree = BUILT_PRODUCTS_DIR; };
		ABD37E0D2F1D2E6F00CEBD6D /* FlexJettingTests.xctest */ = {isa = PBXFileReference; explicitFileType = wrapper.cfbundle; includeInIndex = 0; path = FlexJettingTests.xctest; sourceTree = BUILT_PRODUCTS_DIR; };
		ABD37E172F1D2E6F00CEBD6D /* FlexJettingUITests.xctest */ = {isa = PBXFileReference; explicitFileType = wrapper.cfbundle; includeInIndex = 0; path = FlexJettingUITests.xctest; sourceTree = BUILT_PRODUCTS_DIR; };
/* End PBXFileReference section */

/* Begin PBXFileSystemSynchronizedRootGroup section */
		ABD37E022F1D2E6E00CEBD6D /* FlexJetting */ = {
			isa = PBXFileSystemSynchronizedRootGroup;
			path = FlexJetting;
			sourceTree = "<group>";
		};
		ABD37E102F1D2E6F00CEBD6D /* FlexJettingTests */ = {
			isa = PBXFileSystemSynchronizedRootGroup;
			path = FlexJettingTests;
			sourceTree = "<group>";
		};
		ABD37E1A2F1D2E6F00CEBD6D /* FlexJettingUITests */ = {
			isa = PBXFileSystemSynchronizedRootGroup;
			path = FlexJettingUITests;
			sourceTree = "<group>";
		};
/* End PBXFileSystemSynchronizedRootGroup section */

/* Begin PBXFrameworksBuildPhase section */
		ABD37DFD2F1D2E6E00CEBD6D /* Frameworks */ = {
			isa = PBXFrameworksBuildPhase;
			buildActionMask = 2147483647;
			files = (
			);
			runOnlyForDeploymentPostprocessing = 0;
		};
		ABD37E0A2F1D2E6F00CEBD6D /* Frameworks */ = {
			isa = PBXFrameworksBuildPhase;
			buildActionMask = 2147483647;
			files = (
			);
			runOnlyForDeploymentPostprocessing = 0;
		};
		ABD37E142F1D2E6F00CEBD6D /* Frameworks */ = {
			isa = PBXFrameworksBuildPhase;
			buildActionMask = 2147483647;
			files = (
			);
			runOnlyForDeploymentPostprocessing = 0;
		};
/* End PBXFrameworksBuildPhase section */

/* Begin PBXGroup section */
		ABD37DF72F1D2E6E00CEBD6D = {
			isa = PBXGroup;
			children = (
				ABD37E022F1D2E6E00CEBD6D /* FlexJetting */,
				ABD37E102F1D2E6F00CEBD6D /* FlexJettingTests */,
				ABD37E1A2F1D2E6F00CEBD6D /* FlexJettingUITests */,
				ABD37E012F1D2E6E00CEBD6D /* Products */,
			);
			sourceTree = "<group>";
		};
		ABD37E012F1D2E6E00CEBD6D /* Products */ = {
			isa = PBXGroup;
			children = (
				ABD37E002F1D2E6E00CEBD6D /* FlexJetting.app */,
				ABD37E0D2F1D2E6F00CEBD6D /* FlexJettingTests.xctest */,
				ABD37E172F1D2E6F00CEBD6D /* FlexJettingUITests.xctest */,
			);
			name = Products;
			sourceTree = "<group>";
		};
/* End PBXGroup section */

/* Begin PBXNativeTarget section */
		ABD37DFF2F1D2E6E00CEBD6D /* FlexJetting */ = {
			isa = PBXNativeTarget;
			buildConfigurationList = ABD37E212F1D2E6F00CEBD6D /* Build configuration list for PBXNativeTarget "FlexJetting" */;
			buildPhases = (
				ABD37DFC2F1D2E6E00CEBD6D /* Sources */,
				ABD37DFD2F1D2E6E00CEBD6D /* Frameworks */,
				ABD37DFE2F1D2E6E00CEBD6D /* Resources */,
			);
			buildRules = (
			);
			dependencies = (
			);
			fileSystemSynchronizedGroups = (
				ABD37E022F1D2E6E00CEBD6D /* FlexJetting */,
			);
			name = FlexJetting;
			packageProductDependencies = (
			);
			productName = FlexJetting;
			productReference = ABD37E002F1D2E6E00CEBD6D /* FlexJetting.app */;
			productType = "com.apple.product-type.application";
		};
		ABD37E0C2F1D2E6F00CEBD6D /* FlexJettingTests */ = {
			isa = PBXNativeTarget;
			buildConfigurationList = ABD37E242F1D2E6F00CEBD6D /* Build configuration list for PBXNativeTarget "FlexJettingTests" */;
			buildPhases = (
				ABD37E092F1D2E6F00CEBD6D /* Sources */,
				ABD37E0A2F1D2E6F00CEBD6D /* Frameworks */,
				ABD37E0B2F1D2E6F00CEBD6D /* Resources */,
			);
			buildRules = (
			);
			dependencies = (
				ABD37E0F2F1D2E6F00CEBD6D /* PBXTargetDependency */,
			);
			fileSystemSynchronizedGroups = (
				ABD37E102F1D2E6F00CEBD6D /* FlexJettingTests */,
			);
			name = FlexJettingTests;
			packageProductDependencies = (
			);
			productName = FlexJettingTests;
			productReference = ABD37E0D2F1D2E6F00CEBD6D /* FlexJettingTests.xctest */;
			productType = "com.apple.product-type.bundle.unit-test";
		};
		ABD37E162F1D2E6F00CEBD6D /* FlexJettingUITests */ = {
			isa = PBXNativeTarget;
			buildConfigurationList = ABD37E272F1D2E6F00CEBD6D /* Build configuration list for PBXNativeTarget "FlexJettingUITests" */;
			buildPhases = (
				ABD37E132F1D2E6F00CEBD6D /* Sources */,
				ABD37E142F1D2E6F00CEBD6D /* Frameworks */,
				ABD37E152F1D2E6F00CEBD6D /* Resources */,
			);
			buildRules = (
			);
			dependencies = (
				ABD37E192F1D2E6F00CEBD6D /* PBXTargetDependency */,
			);
			fileSystemSynchronizedGroups = (
				ABD37E1A2F1D2E6F00CEBD6D /* FlexJettingUITests */,
			);
			name = FlexJettingUITests;
			packageProductDependencies = (
			);
			productName = FlexJettingUITests;
			productReference = ABD37E172F1D2E6F00CEBD6D /* FlexJettingUITests.xctest */;
			productType = "com.apple.product-type.bundle.ui-testing";
		};
/* End PBXNativeTarget section */

/* Begin PBXProject section */
		ABD37DF82F1D2E6E00CEBD6D /* Project object */ = {
			isa = PBXProject;
			attributes = {
				BuildIndependentTargetsInParallel = 1;
				LastSwiftUpdateCheck = 2610;
				LastUpgradeCheck = 2610;
				TargetAttributes = {
					ABD37DFF2F1D2E6E00CEBD6D = {
						CreatedOnToolsVersion = 26.1.1;
					};
					ABD37E0C2F1D2E6F00CEBD6D = {
						CreatedOnToolsVersion = 26.1.1;
						TestTargetID = ABD37DFF2F1D2E6E00CEBD6D;
					};
					ABD37E162F1D2E6F00CEBD6D = {
						CreatedOnToolsVersion = 26.1.1;
						TestTargetID = ABD37DFF2F1D2E6E00CEBD6D;
					};
				};
			};
			buildConfigurationList = ABD37DFB2F1D2E6E00CEBD6D /* Build configuration list for PBXProject "FlexJetting" */;
			developmentRegion = en;
			hasScannedForEncodings = 0;
			knownRegions = (
				en,
				Base,
			);
			mainGroup = ABD37DF72F1D2E6E00CEBD6D;
			minimizedProjectReferenceProxies = 1;
			preferredProjectObjectVersion = 77;
			productRefGroup = ABD37E012F1D2E6E00CEBD6D /* Products */;
			projectDirPath = "";
			projectRoot = "";
			targets = (
				ABD37DFF2F1D2E6E00CEBD6D /* FlexJetting */,
				ABD37E0C2F1D2E6F00CEBD6D /* FlexJettingTests */,
				ABD37E162F1D2E6F00CEBD6D /* FlexJettingUITests */,
			);
		};
/* End PBXProject section */

/* Begin PBXResourcesBuildPhase section */
		ABD37DFE2F1D2E6E00CEBD6D /* Resources */ = {
			isa = PBXResourcesBuildPhase;
			buildActionMask = 2147483647;
			files = (
			);
			runOnlyForDeploymentPostprocessing = 0;
		};
		ABD37E0B2F1D2E6F00CEBD6D /* Resources */ = {
			isa = PBXResourcesBuildPhase;
			buildActionMask = 2147483647;
			files = (
			);
			runOnlyForDeploymentPostprocessing = 0;
		};
		ABD37E152F1D2E6F00CEBD6D /* Resources */ = {
			isa = PBXResourcesBuildPhase;
			buildActionMask = 2147483647;
			files = (
			);
			runOnlyForDeploymentPostprocessing = 0;
		};
/* End PBXResourcesBuildPhase section */

/* Begin PBXSourcesBuildPhase section */
		ABD37DFC2F1D2E6E00CEBD6D /* Sources */ = {
			isa = PBXSourcesBuildPhase;
			buildActionMask = 2147483647;
			files = (
			);
			runOnlyForDeploymentPostprocessing = 0;
		};
		ABD37E092F1D2E6F00CEBD6D /* Sources */ = {
			isa = PBXSourcesBuildPhase;
			buildActionMask = 2147483647;
			files = (
			);
			runOnlyForDeploymentPostprocessing = 0;
		};
		ABD37E132F1D2E6F00CEBD6D /* Sources */ = {
			isa = PBXSourcesBuildPhase;
			buildActionMask = 2147483647;
			files = (
			);
			runOnlyForDeploymentPostprocessing = 0;
		};
/* End PBXSourcesBuildPhase section */

/* Begin PBXTargetDependency section */
		ABD37E0F2F1D2E6F00CEBD6D /* PBXTargetDependency */ = {
			isa = PBXTargetDependency;
			target = ABD37DFF2F1D2E6E00CEBD6D /* FlexJetting */;
			targetProxy = ABD37E0E2F1D2E6F00CEBD6D /* PBXContainerItemProxy */;
		};
		ABD37E192F1D2E6F00CEBD6D /* PBXTargetDependency */ = {
			isa = PBXTargetDependency;
			target = ABD37DFF2F1D2E6E00CEBD6D /* FlexJetting */;
			targetProxy = ABD37E182F1D2E6F00CEBD6D /* PBXContainerItemProxy */;
		};
/* End PBXTargetDependency section */

/* Begin XCBuildConfiguration section */
		ABD37E1F2F1D2E6F00CEBD6D /* Debug */ = {
			isa = XCBuildConfiguration;
			buildSettings = {
				ALWAYS_SEARCH_USER_PATHS = NO;
				ASSETCATALOG_COMPILER_GENERATE_SWIFT_ASSET_SYMBOL_EXTENSIONS = YES;
				CLANG_ANALYZER_NONNULL = YES;
				CLANG_ANALYZER_NUMBER_OBJECT_CONVERSION = YES_AGGRESSIVE;
				CLANG_CXX_LANGUAGE_STANDARD = "gnu++20";
				CLANG_ENABLE_MODULES = YES;
				CLANG_ENABLE_OBJC_ARC = YES;
				CLANG_ENABLE_OBJC_WEAK = YES;
				CLANG_WARN_BLOCK_CAPTURE_AUTORELEASING = YES;
				CLANG_WARN_BOOL_CONVERSION = YES;
				CLANG_WARN_COMMA = YES;
				CLANG_WARN_CONSTANT_CONVERSION = YES;
				CLANG_WARN_DEPRECATED_OBJC_IMPLEMENTATIONS = YES;
				CLANG_WARN_DIRECT_OBJC_ISA_USAGE = YES_ERROR;
				CLANG_WARN_DOCUMENTATION_COMMENTS = YES;
				CLANG_WARN_EMPTY_BODY = YES;
				CLANG_WARN_ENUM_CONVERSION = YES;
				CLANG_WARN_INFINITE_RECURSION = YES;
				CLANG_WARN_INT_CONVERSION = YES;
				CLANG_WARN_NON_LITERAL_NULL_CONVERSION = YES;
				CLANG_WARN_OBJC_IMPLICIT_RETAIN_SELF = YES;
				CLANG_WARN_OBJC_LITERAL_CONVERSION = YES;
				CLANG_WARN_OBJC_ROOT_CLASS = YES_ERROR;
				CLANG_WARN_QUOTED_INCLUDE_IN_FRAMEWORK_HEADER = YES;
				CLANG_WARN_RANGE_LOOP_ANALYSIS = YES;
				CLANG_WARN_STRICT_PROTOTYPES = YES;
				CLANG_WARN_SUSPICIOUS_MOVE = YES;
				CLANG_WARN_UNGUARDED_AVAILABILITY = YES_AGGRESSIVE;
				CLANG_WARN_UNREACHABLE_CODE = YES;
				CLANG_WARN__DUPLICATE_METHOD_MATCH = YES;
				COPY_PHASE_STRIP = NO;
				DEBUG_INFORMATION_FORMAT = dwarf;
				DEVELOPMENT_TEAM = J66RNPR5C6;
				ENABLE_STRICT_OBJC_MSGSEND = YES;
				ENABLE_TESTABILITY = YES;
				ENABLE_USER_SCRIPT_SANDBOXING = YES;
				GCC_C_LANGUAGE_STANDARD = gnu17;
				GCC_DYNAMIC_NO_PIC = NO;
				GCC_NO_COMMON_BLOCKS = YES;
				GCC_OPTIMIZATION_LEVEL = 0;
				GCC_PREPROCESSOR_DEFINITIONS = (
					"DEBUG=1",
					"$(inherited)",
				);
				GCC_WARN_64_TO_32_BIT_CONVERSION = YES;
				GCC_WARN_ABOUT_RETURN_TYPE = YES_ERROR;
				GCC_WARN_UNDECLARED_SELECTOR = YES;
				GCC_WARN_UNINITIALIZED_AUTOS = YES_AGGRESSIVE;
				GCC_WARN_UNUSED_FUNCTION = YES;
				GCC_WARN_UNUSED_VARIABLE = YES;
				IPHONEOS_DEPLOYMENT_TARGET = 26.1;
				LOCALIZATION_PREFERS_STRING_CATALOGS = YES;
				MTL_ENABLE_DEBUG_INFO = INCLUDE_SOURCE;
				MTL_FAST_MATH = YES;
				ONLY_ACTIVE_ARCH = YES;
				SDKROOT = iphoneos;
				SWIFT_ACTIVE_COMPILATION_CONDITIONS = "DEBUG $(inherited)";
				SWIFT_OPTIMIZATION_LEVEL = "-Onone";
			};
			name = Debug;
		};
		ABD37E202F1D2E6F00CEBD6D /* Release */ = {
			isa = XCBuildConfiguration;
			buildSettings = {
				ALWAYS_SEARCH_USER_PATHS = NO;
				ASSETCATALOG_COMPILER_GENERATE_SWIFT_ASSET_SYMBOL_EXTENSIONS = YES;
				CLANG_ANALYZER_NONNULL = YES;
				CLANG_ANALYZER_NUMBER_OBJECT_CONVERSION = YES_AGGRESSIVE;
				CLANG_CXX_LANGUAGE_STANDARD = "gnu++20";
				CLANG_ENABLE_MODULES = YES;
				CLANG_ENABLE_OBJC_ARC = YES;
				CLANG_ENABLE_OBJC_WEAK = YES;
				CLANG_WARN_BLOCK_CAPTURE_AUTORELEASING = YES;
				CLANG_WARN_BOOL_CONVERSION = YES;
				CLANG_WARN_COMMA = YES;
				CLANG_WARN_CONSTANT_CONVERSION = YES;
				CLANG_WARN_DEPRECATED_OBJC_IMPLEMENTATIONS = YES;
				CLANG_WARN_DIRECT_OBJC_ISA_USAGE = YES_ERROR;
				CLANG_WARN_DOCUMENTATION_COMMENTS = YES;
				CLANG_WARN_EMPTY_BODY = YES;
				CLANG_WARN_ENUM_CONVERSION = YES;
				CLANG_WARN_INFINITE_RECURSION = YES;
				CLANG_WARN_INT_CONVERSION = YES;
				CLANG_WARN_NON_LITERAL_NULL_CONVERSION = YES;
				CLANG_WARN_OBJC_IMPLICIT_RETAIN_SELF = YES;
				CLANG_WARN_OBJC_LITERAL_CONVERSION = YES;
				CLANG_WARN_OBJC_ROOT_CLASS = YES_ERROR;
				CLANG_WARN_QUOTED_INCLUDE_IN_FRAMEWORK_HEADER = YES;
				CLANG_WARN_RANGE_LOOP_ANALYSIS = YES;
				CLANG_WARN_STRICT_PROTOTYPES = YES;
				CLANG_WARN_SUSPICIOUS_MOVE = YES;
				CLANG_WARN_UNGUARDED_AVAILABILITY = YES_AGGRESSIVE;
				CLANG_WARN_UNREACHABLE_CODE = YES;
				CLANG_WARN__DUPLICATE_METHOD_MATCH = YES;
				COPY_PHASE_STRIP = NO;
				DEBUG_INFORMATION_FORMAT = "dwarf-with-dsym";
				DEVELOPMENT_TEAM = J66RNPR5C6;
				ENABLE_NS_ASSERTIONS = NO;
				ENABLE_STRICT_OBJC_MSGSEND = YES;
				ENABLE_USER_SCRIPT_SANDBOXING = YES;
				GCC_C_LANGUAGE_STANDARD = gnu17;
				GCC_NO_COMMON_BLOCKS = YES;
				GCC_WARN_64_TO_32_BIT_CONVERSION = YES;
				GCC_WARN_ABOUT_RETURN_TYPE = YES_ERROR;
				GCC_WARN_UNDECLARED_SELECTOR = YES;
				GCC_WARN_UNINITIALIZED_AUTOS = YES_AGGRESSIVE;
				GCC_WARN_UNUSED_FUNCTION = YES;
				GCC_WARN_UNUSED_VARIABLE = YES;
				IPHONEOS_DEPLOYMENT_TARGET = 26.1;
				LOCALIZATION_PREFERS_STRING_CATALOGS = YES;
				MTL_ENABLE_DEBUG_INFO = NO;
				MTL_FAST_MATH = YES;
				SDKROOT = iphoneos;
				SWIFT_COMPILATION_MODE = wholemodule;
				VALIDATE_PRODUCT = YES;
			};
			name = Release;
		};
		ABD37E222F1D2E6F00CEBD6D /* Debug */ = {
			isa = XCBuildConfiguration;
			buildSettings = {
				ASSETCATALOG_COMPILER_APPICON_NAME = AppIcon;
				ASSETCATALOG_COMPILER_GLOBAL_ACCENT_COLOR_NAME = AccentColor;
				CODE_SIGN_STYLE = Automatic;
				CURRENT_PROJECT_VERSION = 1;
				DEVELOPMENT_TEAM = J66RNPR5C6;
				ENABLE_PREVIEWS = YES;
				GENERATE_INFOPLIST_FILE = YES;
				INFOPLIST_KEY_UIApplicationSceneManifest_Generation = YES;
				INFOPLIST_KEY_UIApplicationSupportsIndirectInputEvents = YES;
				INFOPLIST_KEY_UILaunchScreen_Generation = YES;
				INFOPLIST_KEY_UISupportedInterfaceOrientations_iPad = "UIInterfaceOrientationPortrait UIInterfaceOrientationPortraitUpsideDown UIInterfaceOrientationLandscapeLeft UIInterfaceOrientationLandscapeRight";
				INFOPLIST_KEY_UISupportedInterfaceOrientations_iPhone = "UIInterfaceOrientationPortrait UIInterfaceOrientationLandscapeLeft UIInterfaceOrientationLandscapeRight";
				LD_RUNPATH_SEARCH_PATHS = (
					"$(inherited)",
					"@executable_path/Frameworks",
				);
				MARKETING_VERSION = 1.0;
				PRODUCT_BUNDLE_IDENTIFIER = com.jkovach.FlexJetting;
				PRODUCT_NAME = "$(TARGET_NAME)";
				STRING_CATALOG_GENERATE_SYMBOLS = YES;
				SWIFT_APPROACHABLE_CONCURRENCY = YES;
				SWIFT_DEFAULT_ACTOR_ISOLATION = MainActor;
				SWIFT_EMIT_LOC_STRINGS = YES;
				SWIFT_UPCOMING_FEATURE_MEMBER_IMPORT_VISIBILITY = YES;
				SWIFT_VERSION = 5.0;
				TARGETED_DEVICE_FAMILY = "1,2";
			};
			name = Debug;
		};
		ABD37E232F1D2E6F00CEBD6D /* Release */ = {
			isa = XCBuildConfiguration;
			buildSettings = {
				ASSETCATALOG_COMPILER_APPICON_NAME = AppIcon;
				ASSETCATALOG_COMPILER_GLOBAL_ACCENT_COLOR_NAME = AccentColor;
				CODE_SIGN_STYLE = Automatic;
				CURRENT_PROJECT_VERSION = 1;
				DEVELOPMENT_TEAM = J66RNPR5C6;
				ENABLE_PREVIEWS = YES;
				GENERATE_INFOPLIST_FILE = YES;
				INFOPLIST_KEY_UIApplicationSceneManifest_Generation = YES;
				INFOPLIST_KEY_UIApplicationSupportsIndirectInputEvents = YES;
				INFOPLIST_KEY_UILaunchScreen_Generation = YES;
				INFOPLIST_KEY_UISupportedInterfaceOrientations_iPad = "UIInterfaceOrientationPortrait UIInterfaceOrientationPortraitUpsideDown UIInterfaceOrientationLandscapeLeft UIInterfaceOrientationLandscapeRight";
				INFOPLIST_KEY_UISupportedInterfaceOrientations_iPhone = "UIInterfaceOrientationPortrait UIInterfaceOrientationLandscapeLeft UIInterfaceOrientationLandscapeRight";
				LD_RUNPATH_SEARCH_PATHS = (
					"$(inherited)",
					"@executable_path/Frameworks",
				);
				MARKETING_VERSION = 1.0;
				PRODUCT_BUNDLE_IDENTIFIER = com.jkovach.FlexJetting;
				PRODUCT_NAME = "$(TARGET_NAME)";
				STRING_CATALOG_GENERATE_SYMBOLS = YES;
				SWIFT_APPROACHABLE_CONCURRENCY = YES;
				SWIFT_DEFAULT_ACTOR_ISOLATION = MainActor;
				SWIFT_EMIT_LOC_STRINGS = YES;
				SWIFT_UPCOMING_FEATURE_MEMBER_IMPORT_VISIBILITY = YES;
				SWIFT_VERSION = 5.0;
				TARGETED_DEVICE_FAMILY = "1,2";
			};
			name = Release;
		};
		ABD37E252F1D2E6F00CEBD6D /* Debug */ = {
			isa = XCBuildConfiguration;
			buildSettings = {
				BUNDLE_LOADER = "$(TEST_HOST)";
				CODE_SIGN_STYLE = Automatic;
				CURRENT_PROJECT_VERSION = 1;
				DEVELOPMENT_TEAM = J66RNPR5C6;
				GENERATE_INFOPLIST_FILE = YES;
				IPHONEOS_DEPLOYMENT_TARGET = 26.1;
				MARKETING_VERSION = 1.0;
				PRODUCT_BUNDLE_IDENTIFIER = com.jkovach.FlexJettingTests;
				PRODUCT_NAME = "$(TARGET_NAME)";
				STRING_CATALOG_GENERATE_SYMBOLS = NO;
				SWIFT_APPROACHABLE_CONCURRENCY = YES;
				SWIFT_EMIT_LOC_STRINGS = NO;
				SWIFT_UPCOMING_FEATURE_MEMBER_IMPORT_VISIBILITY = YES;
				SWIFT_VERSION = 5.0;
				TARGETED_DEVICE_FAMILY = "1,2";
				TEST_HOST = "$(BUILT_PRODUCTS_DIR)/FlexJetting.app/$(BUNDLE_EXECUTABLE_FOLDER_PATH)/FlexJetting";
			};
			name = Debug;
		};
		ABD37E262F1D2E6F00CEBD6D /* Release */ = {
			isa = XCBuildConfiguration;
			buildSettings = {
				BUNDLE_LOADER = "$(TEST_HOST)";
				CODE_SIGN_STYLE = Automatic;
				CURRENT_PROJECT_VERSION = 1;
				DEVELOPMENT_TEAM = J66RNPR5C6;
				GENERATE_INFOPLIST_FILE = YES;
				IPHONEOS_DEPLOYMENT_TARGET = 26.1;
				MARKETING_VERSION = 1.0;
				PRODUCT_BUNDLE_IDENTIFIER = com.jkovach.FlexJettingTests;
				PRODUCT_NAME = "$(TARGET_NAME)";
				STRING_CATALOG_GENERATE_SYMBOLS = NO;
				SWIFT_APPROACHABLE_CONCURRENCY = YES;
				SWIFT_EMIT_LOC_STRINGS = NO;
				SWIFT_UPCOMING_FEATURE_MEMBER_IMPORT_VISIBILITY = YES;
				SWIFT_VERSION = 5.0;
				TARGETED_DEVICE_FAMILY = "1,2";
				TEST_HOST = "$(BUILT_PRODUCTS_DIR)/FlexJetting.app/$(BUNDLE_EXECUTABLE_FOLDER_PATH)/FlexJetting";
			};
			name = Release;
		};
		ABD37E282F1D2E6F00CEBD6D /* Debug */ = {
			isa = XCBuildConfiguration;
			buildSettings = {
				CODE_SIGN_STYLE = Automatic;
				CURRENT_PROJECT_VERSION = 1;
				DEVELOPMENT_TEAM = J66RNPR5C6;
				GENERATE_INFOPLIST_FILE = YES;
				MARKETING_VERSION = 1.0;
				PRODUCT_BUNDLE_IDENTIFIER = com.jkovach.FlexJettingUITests;
				PRODUCT_NAME = "$(TARGET_NAME)";
				STRING_CATALOG_GENERATE_SYMBOLS = NO;
				SWIFT_APPROACHABLE_CONCURRENCY = YES;
				SWIFT_EMIT_LOC_STRINGS = NO;
				SWIFT_UPCOMING_FEATURE_MEMBER_IMPORT_VISIBILITY = YES;
				SWIFT_VERSION = 5.0;
				TARGETED_DEVICE_FAMILY = "1,2";
				TEST_TARGET_NAME = FlexJetting;
			};
			name = Debug;
		};
		ABD37E292F1D2E6F00CEBD6D /* Release */ = {
			isa = XCBuildConfiguration;
			buildSettings = {
				CODE_SIGN_STYLE = Automatic;
				CURRENT_PROJECT_VERSION = 1;
				DEVELOPMENT_TEAM = J66RNPR5C6;
				GENERATE_INFOPLIST_FILE = YES;
				MARKETING_VERSION = 1.0;
				PRODUCT_BUNDLE_IDENTIFIER = com.jkovach.FlexJettingUITests;
				PRODUCT_NAME = "$(TARGET_NAME)";
				STRING_CATALOG_GENERATE_SYMBOLS = NO;
				SWIFT_APPROACHABLE_CONCURRENCY = YES;
				SWIFT_EMIT_LOC_STRINGS = NO;
				SWIFT_UPCOMING_FEATURE_MEMBER_IMPORT_VISIBILITY = YES;
				SWIFT_VERSION = 5.0;
				TARGETED_DEVICE_FAMILY = "1,2";
				TEST_TARGET_NAME = FlexJetting;
			};
			name = Release;
		};
/* End XCBuildConfiguration section */

/* Begin XCConfigurationList section */
		ABD37DFB2F1D2E6E00CEBD6D /* Build configuration list for PBXProject "FlexJetting" */ = {
			isa = XCConfigurationList;
			buildConfigurations = (
				ABD37E1F2F1D2E6F00CEBD6D /* Debug */,
				ABD37E202F1D2E6F00CEBD6D /* Release */,
			);
			defaultConfigurationIsVisible = 0;
			defaultConfigurationName = Release;
		};
		ABD37E212F1D2E6F00CEBD6D /* Build configuration list for PBXNativeTarget "FlexJetting" */ = {
			isa = XCConfigurationList;
			buildConfigurations = (
				ABD37E222F1D2E6F00CEBD6D /* Debug */,
				ABD37E232F1D2E6F00CEBD6D /* Release */,
			);
			defaultConfigurationIsVisible = 0;
			defaultConfigurationName = Release;
		};
		ABD37E242F1D2E6F00CEBD6D /* Build configuration list for PBXNativeTarget "FlexJettingTests" */ = {
			isa = XCConfigurationList;
			buildConfigurations = (
				ABD37E252F1D2E6F00CEBD6D /* Debug */,
				ABD37E262F1D2E6F00CEBD6D /* Release */,
			);
			defaultConfigurationIsVisible = 0;
			defaultConfigurationName = Release;
		};
		ABD37E272F1D2E6F00CEBD6D /* Build configuration list for PBXNativeTarget "FlexJettingUITests" */ = {
			isa = XCConfigurationList;
			buildConfigurations = (
				ABD37E282F1D2E6F00CEBD6D /* Debug */,
				ABD37E292F1D2E6F00CEBD6D /* Release */,
			);
			defaultConfigurationIsVisible = 0;
			defaultConfigurationName = Release;
		};
/* End XCConfigurationList section */
	};
	rootObject = ABD37DF82F1D2E6E00CEBD6D /* Project object */;
}
